
Microsoft Visual Studio Solution File, Format Version 12.00
# Visual Studio 15
VisualStudioVersion = 15.0.28307.1259
MinimumVisualStudioVersion = 10.0.40219.1
Project("{FAE04EC0-301F-11D3-BF4B-00C04F79EFBC}") = "Method", "Method\Method.csproj", "{C44A9AE9-D670-4579-ADD0-7AB84D7537A5}"
EndProject
Global
	GlobalSection(SolutionConfigurationPlatforms) = preSolution
		Debug|Any CPU = Debug|Any CPU
		Release|Any CPU = Release|Any CPU
	EndGlobalSection
	GlobalSection(ProjectConfigurationPlatforms) = postSolution
		{C44A9AE9-D670-4579-ADD0-7AB84D7537A5}.Debug|Any CPU.ActiveCfg = Debug|Any CPU
		{C44A9AE9-D670-4579-ADD0-7AB84D7537A5}.Debug|Any CPU.Build.0 = Debug|Any CPU
		{C44A9AE9-D670-4579-ADD0-7AB84D7537A5}.Release|Any CPU.ActiveCfg = Release|Any CPU
		{C44A9AE9-D670-4579-ADD0-7AB84D7537A5}.Release|Any CPU.Build.0 = Release|Any CPU
	EndGlobalSection
	GlobalSection(SolutionProperties) = preSolution
		HideSolutionNode = FALSE
	EndGlobalSection
	GlobalSection(ExtensibilityGlobals) = postSolution
		SolutionGuid = {98655CD3-8346-4676-AEAE-AC9EA5C57246}
	EndGlobalSection
EndGlobal
